// !$*UTF8*$!
{
	archiveVersion = 1;
	classes = {
	};
	objectVersion = 50;
	objects = {

/* Begin PBXBuildFile section */
		7ACB59FF2278AA9100C78D46 /* AppDelegate.swift in Sources */ = {isa = PBXBuildFile; fileRef = 7ACB59FE2278AA9100C78D46 /* AppDelegate.swift */; };
		7ACB5A012278AA9100C78D46 /* ViewController.swift in Sources */ = {isa = PBXBuildFile; fileRef = 7ACB5A002278AA9100C78D46 /* ViewController.swift */; };
		7ACB5A042278AA9100C78D46 /* Main.storyboard in Resources */ = {isa = PBXBuildFile; fileRef = 7ACB5A022278AA9100C78D46 /* Main.storyboard */; };
		7ACB5A062278AA9500C78D46 /* Assets.xcassets in Resources */ = {isa = PBXBuildFile; fileRef = 7ACB5A052278AA9500C78D46 /* Assets.xcassets */; };
		7ACB5A092278AA9500C78D46 /* LaunchScreen.storyboard in Resources */ = {isa = PBXBuildFile; fileRef = 7ACB5A072278AA9500C78D46 /* LaunchScreen.storyboard */; };
		7ACB5A112278AF3900C78D46 /* Star.swift in Sources */ = {isa = PBXBuildFile; fileRef = 7ACB5A102278AF3900C78D46 /* Star.swift */; };
		7ACB5A132278AF4500C78D46 /* StarController.swift in Sources */ = {isa = PBXBuildFile; fileRef = 7ACB5A122278AF4500C78D46 /* StarController.swift */; };
/* End PBXBuildFile section */

/* Begin PBXFileReference section */
		7ACB59FB2278AA9100C78D46 /* Stars.app */ = {isa = PBXFileReference; explicitFileType = wrapper.application; includeInIndex = 0; path = Stars.app; sourceTree = BUILT_PRODUCTS_DIR; };
		7ACB59FE2278AA9100C78D46 /* AppDelegate.swift */ = {isa = PBXFileReference; lastKnownFileType = sourcecode.swift; path = AppDelegate.swift; sourceTree = "<group>"; };
		7ACB5A002278AA9100C78D46 /* ViewController.swift */ = {isa = PBXFileReference; lastKnownFileType = sourcecode.swift; path = ViewController.swift; sourceTree = "<group>"; };
		7ACB5A032278AA9100C78D46 /* Base */ = {isa = PBXFileReference; lastKnownFileType = file.storyboard; name = Base; path = Base.lproj/Main.storyboard; sourceTree = "<group>"; };
		7ACB5A052278AA9500C78D46 /* Assets.xcassets */ = {isa = PBXFileReference; lastKnownFileType = folder.assetcatalog; path = Assets.xcassets; sourceTree = "<group>"; };
		7ACB5A082278AA9500C78D46 /* Base */ = {isa = PBXFileReference; lastKnownFileType = file.storyboard; name = Base; path = Base.lproj/LaunchScreen.storyboard; sourceTree = "<group>"; };
		7ACB5A0A2278AA9500C78D46 /* Info.plist */ = {isa = PBXFileReference; lastKnownFileType = text.plist.xml; path = Info.plist; sourceTree = "<group>"; };
		7ACB5A102278AF3900C78D46 /* Star.swift */ = {isa = PBXFileReference; lastKnownFileType = sourcecode.swift; path = Star.swift; sourceTree = "<group>"; };
		7ACB5A122278AF4500C78D46 /* StarController.swift */ = {isa = PBXFileReference; lastKnownFileType = sourcecode.swift; path = StarController.swift; sourceTree = "<group>"; };
		7ACB5A172278BD7400C78D46 /* FileManager.playground */ = {isa = PBXFileReference; lastKnownFileType = file.playground; path = FileManager.playground; sourceTree = "<group>"; xcLanguageSpecificationIdentifier = xcode.lang.swift; };
/* End PBXFileReference section */

/* Begin PBXFrameworksBuildPhase section */
		7ACB59F82278AA9100C78D46 /* Frameworks */ = {
			isa = PBXFrameworksBuildPhase;
			buildActionMask = 2147483647;
			files = (
			);
			runOnlyForDeploymentPostprocessing = 0;
		};
/* End PBXFrameworksBuildPhase section */

/* Begin PBXGroup section */
		7ACB59F22278AA9100C78D46 = {
			isa = PBXGroup;
			children = (
				7ACB59FD2278AA9100C78D46 /* Stars */,
				7ACB59FC2278AA9100C78D46 /* Products */,
			);
			sourceTree = "<group>";
		};
		7ACB59FC2278AA9100C78D46 /* Products */ = {
			isa = PBXGroup;
			children = (
				7ACB59FB2278AA9100C78D46 /* Stars.app */,
			);
			name = Products;
			sourceTree = "<group>";
		};
		7ACB59FD2278AA9100C78D46 /* Stars */ = {
			isa = PBXGroup;
			children = (
				7ACB59FE2278AA9100C78D46 /* AppDelegate.swift */,
				7ACB5A172278BD7400C78D46 /* FileManager.playground */,
				7ACB5A142278AF4C00C78D46 /* Model */,
				7ACB5A152278AF5300C78D46 /* Model Controller */,
				7ACB5A162278AF5C00C78D46 /* View Controllers */,
				7ACB5A022278AA9100C78D46 /* Main.storyboard */,
				7ACB5A052278AA9500C78D46 /* Assets.xcassets */,
				7ACB5A072278AA9500C78D46 /* LaunchScreen.storyboard */,
				7ACB5A0A2278AA9500C78D46 /* Info.plist */,
			);
			path = Stars;
			sourceTree = "<group>";
		};
		7ACB5A142278AF4C00C78D46 /* Model */ = {
			isa = PBXGroup;
			children = (
				7ACB5A102278AF3900C78D46 /* Star.swift */,
			);
			path = Model;
			sourceTree = "<group>";
		};
		7ACB5A152278AF5300C78D46 /* Model Controller */ = {
			isa = PBXGroup;
			children = (
				7ACB5A122278AF4500C78D46 /* StarController.swift */,
			);
			path = "Model Controller";
			sourceTree = "<group>";
		};
		7ACB5A162278AF5C00C78D46 /* View Controllers */ = {
			isa = PBXGroup;
			children = (
				7ACB5A002278AA9100C78D46 /* ViewController.swift */,
			);
			path = "View Controllers";
			sourceTree = "<group>";
		};
/* End PBXGroup section */

/* Begin PBXNativeTarget section */
		7ACB59FA2278AA9100C78D46 /* Stars */ = {
			isa = PBXNativeTarget;
			buildConfigurationList = 7ACB5A0D2278AA9500C78D46 /* Build configuration list for PBXNativeTarget "Stars" */;
			buildPhases = (
				7ACB59F72278AA9100C78D46 /* Sources */,
				7ACB59F82278AA9100C78D46 /* Frameworks */,
				7ACB59F92278AA9100C78D46 /* Resources */,
			);
			buildRules = (
			);
			dependencies = (
			);
			name = Stars;
			productName = Stars;
			productReference = 7ACB59FB2278AA9100C78D46 /* Stars.app */;
			productType = "com.apple.product-type.application";
		};
/* End PBXNativeTarget section */

/* Begin PBXProject section */
		7ACB59F32278AA9100C78D46 /* Project object */ = {
			isa = PBXProject;
			attributes = {
				LastSwiftUpdateCheck = 1020;
				LastUpgradeCheck = 1020;
				ORGANIZATIONNAME = "Nelson Gonzalez";
				TargetAttributes = {
					7ACB59FA2278AA9100C78D46 = {
						CreatedOnToolsVersion = 10.2.1;
					};
				};
			};
			buildConfigurationList = 7ACB59F62278AA9100C78D46 /* Build configuration list for PBXProject "Stars" */;
			compatibilityVersion = "Xcode 9.3";
			developmentRegion = en;
			hasScannedForEncodings = 0;
			knownRegions = (
				en,
				Base,
			);
			mainGroup = 7ACB59F22278AA9100C78D46;
			productRefGroup = 7ACB59FC2278AA9100C78D46 /* Products */;
			projectDirPath = "";
			projectRoot = "";
			targets = (
				7ACB59FA2278AA9100C78D46 /* Stars */,
			);
		};
/* End PBXProject section */

/* Begin PBXResourcesBuildPhase section */
		7ACB59F92278AA9100C78D46 /* Resources */ = {
			isa = PBXResourcesBuildPhase;
			buildActionMask = 2147483647;
			files = (
				7ACB5A092278AA9500C78D46 /* LaunchScreen.storyboard in Resources */,
				7ACB5A062278AA9500C78D46 /* Assets.xcassets in Resources */,
				7ACB5A042278AA9100C78D46 /* Main.storyboard in Resources */,
			);
			runOnlyForDeploymentPostprocessing = 0;
		};
/* End PBXResourcesBuildPhase section */

/* Begin PBXSourcesBuildPhase section */
		7ACB59F72278AA9100C78D46 /* Sources */ = {
			isa = PBXSourcesBuildPhase;
			buildActionMask = 2147483647;
			files = (
				7ACB5A112278AF3900C78D46 /* Star.swift in Sources */,
				7ACB5A132278AF4500C78D46 /* StarController.swift in Sources */,
				7ACB5A012278AA9100C78D46 /* ViewController.swift in Sources */,
				7ACB59FF2278AA9100C78D46 /* AppDelegate.swift in Sources */,
			);
			runOnlyForDeploymentPostprocessing = 0;
		};
/* End PBXSourcesBuildPhase section */

/* Begin PBXVariantGroup section */
		7ACB5A022278AA9100C78D46 /* Main.storyboard */ = {
			isa = PBXVariantGroup;
			children = (
				7ACB5A032278AA9100C78D46 /* Base */,
			);
			name = Main.storyboard;
			sourceTree = "<group>";
		};
		7ACB5A072278AA9500C78D46 /* LaunchScreen.storyboard */ = {
			isa = PBXVariantGroup;
			children = (
				7ACB5A082278AA9500C78D46 /* Base */,
			);
			name = LaunchScreen.storyboard;
			sourceTree = "<group>";
		};
/* End PBXVariantGroup section */

/* Begin XCBuildConfiguration section */
		7ACB5A0B2278AA9500C78D46 /* Debug */ = {
			isa = XCBuildConfiguration;
			buildSettings = {
				ALWAYS_SEARCH_USER_PATHS = NO;
				CLANG_ANALYZER_NONNULL = YES;
				CLANG_ANALYZER_NUMBER_OBJECT_CONVERSION = YES_AGGRESSIVE;
				CLANG_CXX_LANGUAGE_STANDARD = "gnu++14";
				CLANG_CXX_LIBRARY = "libc++";
				CLANG_ENABLE_MODULES = YES;
				CLANG_ENABLE_OBJC_ARC = YES;
				CLANG_ENABLE_OBJC_WEAK = YES;
				CLANG_WARN_BLOCK_CAPTURE_AUTORELEASING = YES;
				CLANG_WARN_BOOL_CONVERSION = YES;
				CLANG_WARN_COMMA = YES;
				CLANG_WARN_CONSTANT_CONVERSION = YES;
				CLANG_WARN_DEPRECATED_OBJC_IMPLEMENTATIONS = YES;
				CLANG_WARN_DIRECT_OBJC_ISA_USAGE = YES_ERROR;
				CLANG_WARN_DOCUMENTATION_COMMENTS = YES;
				CLANG_WARN_EMPTY_BODY = YES;
				CLANG_WARN_ENUM_CONVERSION = YES;
				CLANG_WARN_INFINITE_RECURSION = YES;
				CLANG_WARN_INT_CONVERSION = YES;
				CLANG_WARN_NON_LITERAL_NULL_CONVERSION = YES;
				CLANG_WARN_OBJC_IMPLICIT_RETAIN_SELF = YES;
				CLANG_WARN_OBJC_LITERAL_CONVERSION = YES;
				CLANG_WARN_OBJC_ROOT_CLASS = YES_ERROR;
				CLANG_WARN_RANGE_LOOP_ANALYSIS = YES;
				CLANG_WARN_STRICT_PROTOTYPES = YES;
				CLANG_WARN_SUSPICIOUS_MOVE = YES;
				CLANG_WARN_UNGUARDED_AVAILABILITY = YES_AGGRESSIVE;
				CLANG_WARN_UNREACHABLE_CODE = YES;
				CLANG_WARN__DUPLICATE_METHOD_MATCH = YES;
				CODE_SIGN_IDENTITY = "iPhone Developer";
				COPY_PHASE_STRIP = NO;
				DEBUG_INFORMATION_FORMAT = dwarf;
				ENABLE_STRICT_OBJC_MSGSEND = YES;
				ENABLE_TESTABILITY = YES;
				GCC_C_LANGUAGE_STANDARD = gnu11;
				GCC_DYNAMIC_NO_PIC = NO;
				GCC_NO_COMMON_BLOCKS = YES;
				GCC_OPTIMIZATION_LEVEL = 0;
				GCC_PREPROCESSOR_DEFINITIONS = (
					"DEBUG=1",
					"$(inherited)",
				);
				GCC_WARN_64_TO_32_BIT_CONVERSION = YES;
				GCC_WARN_ABOUT_RETURN_TYPE = YES_ERROR;
				GCC_WARN_UNDECLARED_SELECTOR = YES;
				GCC_WARN_UNINITIALIZED_AUTOS = YES_AGGRESSIVE;
				GCC_WARN_UNUSED_FUNCTION = YES;
				GCC_WARN_UNUSED_VARIABLE = YES;
				IPHONEOS_DEPLOYMENT_TARGET = 12.2;
				MTL_ENABLE_DEBUG_INFO = INCLUDE_SOURCE;
				MTL_FAST_MATH = YES;
				ONLY_ACTIVE_ARCH = YES;
				SDKROOT = iphoneos;
				SWIFT_ACTIVE_COMPILATION_CONDITIONS = DEBUG;
				SWIFT_OPTIMIZATION_LEVEL = "-Onone";
			};
			name = Debug;
		};
		7ACB5A0C2278AA9500C78D46 /* Release */ = {
			isa = XCBuildConfiguration;
			buildSettings = {
				ALWAYS_SEARCH_USER_PATHS = NO;
				CLANG_ANALYZER_NONNULL = YES;
				CLANG_ANALYZER_NUMBER_OBJECT_CONVERSION = YES_AGGRESSIVE;
				CLANG_CXX_LANGUAGE_STANDARD = "gnu++14";
				CLANG_CXX_LIBRARY = "libc++";
				CLANG_ENABLE_MODULES = YES;
				CLANG_ENABLE_OBJC_ARC = YES;
				CLANG_ENABLE_OBJC_WEAK = YES;
				CLANG_WARN_BLOCK_CAPTURE_AUTORELEASING = YES;
				CLANG_WARN_BOOL_CONVERSION = YES;
				CLANG_WARN_COMMA = YES;
				CLANG_WARN_CONSTANT_CONVERSION = YES;
				CLANG_WARN_DEPRECATED_OBJC_IMPLEMENTATIONS = YES;
				CLANG_WARN_DIRECT_OBJC_ISA_USAGE = YES_ERROR;
				CLANG_WARN_DOCUMENTATION_COMMENTS = YES;
				CLANG_WARN_EMPTY_BODY = YES;
				CLANG_WARN_ENUM_CONVERSION = YES;
				CLANG_WARN_INFINITE_RECURSION = YES;
				CLANG_WARN_INT_CONVERSION = YES;
				CLANG_WARN_NON_LITERAL_NULL_CONVERSION = YES;
				CLANG_WARN_OBJC_IMPLICIT_RETAIN_SELF = YES;
				CLANG_WARN_OBJC_LITERAL_CONVERSION = YES;
				CLANG_WARN_OBJC_ROOT_CLASS = YES_ERROR;
				CLANG_WARN_RANGE_LOOP_ANALYSIS = YES;
				CLANG_WARN_STRICT_PROTOTYPES = YES;
				CLANG_WARN_SUSPICIOUS_MOVE = YES;
				CLANG_WARN_UNGUARDED_AVAILABILITY = YES_AGGRESSIVE;
				CLANG_WARN_UNREACHABLE_CODE = YES;
				CLANG_WARN__DUPLICATE_METHOD_MATCH = YES;
				CODE_SIGN_IDENTITY = "iPhone Developer";
				COPY_PHASE_STRIP = NO;
				DEBUG_INFORMATION_FORMAT = "dwarf-with-dsym";
				ENABLE_NS_ASSERTIONS = NO;
				ENABLE_STRICT_OBJC_MSGSEND = YES;
				GCC_C_LANGUAGE_STANDARD = gnu11;
				GCC_NO_COMMON_BLOCKS = YES;
				GCC_WARN_64_TO_32_BIT_CONVERSION = YES;
				GCC_WARN_ABOUT_RETURN_TYPE = YES_ERROR;
				GCC_WARN_UNDECLARED_SELECTOR = YES;
				GCC_WARN_UNINITIALIZED_AUTOS = YES_AGGRESSIVE;
				GCC_WARN_UNUSED_FUNCTION = YES;
				GCC_WARN_UNUSED_VARIABLE = YES;
				IPHONEOS_DEPLOYMENT_TARGET = 12.2;
				MTL_ENABLE_DEBUG_INFO = NO;
				MTL_FAST_MATH = YES;
				SDKROOT = iphoneos;
				SWIFT_COMPILATION_MODE = wholemodule;
				SWIFT_OPTIMIZATION_LEVEL = "-O";
				VALIDATE_PRODUCT = YES;
			};
			name = Release;
		};
		7ACB5A0E2278AA9500C78D46 /* Debug */ = {
			isa = XCBuildConfiguration;
			buildSettings = {
				ASSETCATALOG_COMPILER_APPICON_NAME = AppIcon;
				CODE_SIGN_STYLE = Automatic;
				DEVELOPMENT_TEAM = ZD9LN99SX6;
				INFOPLIST_FILE = Stars/Info.plist;
				LD_RUNPATH_SEARCH_PATHS = (
					"$(inherited)",
					"@executable_path/Frameworks",
				);
				PRODUCT_BUNDLE_IDENTIFIER = com.nelsongonzalez.Stars;
				PRODUCT_NAME = "$(TARGET_NAME)";
				SWIFT_VERSION = 5.0;
				TARGETED_DEVICE_FAMILY = "1,2";
			};
			name = Debug;
		};
		7ACB5A0F2278AA9500C78D46 /* Release */ = {
			isa = XCBuildConfiguration;
			buildSettings = {
				ASSETCATALOG_COMPILER_APPICON_NAME = AppIcon;
				CODE_SIGN_STYLE = Automatic;
				DEVELOPMENT_TEAM = ZD9LN99SX6;
				INFOPLIST_FILE = Stars/Info.plist;
				LD_RUNPATH_SEARCH_PATHS = (
					"$(inherited)",
					"@executable_path/Frameworks",
				);
				PRODUCT_BUNDLE_IDENTIFIER = com.nelsongonzalez.Stars;
				PRODUCT_NAME = "$(TARGET_NAME)";
				SWIFT_VERSION = 5.0;
				TARGETED_DEVICE_FAMILY = "1,2";
			};
			name = Release;
		};
/* End XCBuildConfiguration section */

/* Begin XCConfigurationList section */
		7ACB59F62278AA9100C78D46 /* Build configuration list for PBXProject "Stars" */ = {
			isa = XCConfigurationList;
			buildConfigurations = (
				7ACB5A0B2278AA9500C78D46 /* Debug */,
				7ACB5A0C2278AA9500C78D46 /* Release */,
			);
			defaultConfigurationIsVisible = 0;
			defaultConfigurationName = Release;
		};
		7ACB5A0D2278AA9500C78D46 /* Build configuration list for PBXNativeTarget "Stars" */ = {
			isa = XCConfigurationList;
			buildConfigurations = (
				7ACB5A0E2278AA9500C78D46 /* Debug */,
				7ACB5A0F2278AA9500C78D46 /* Release */,
			);
			defaultConfigurationIsVisible = 0;
			defaultConfigurationName = Release;
		};
/* End XCConfigurationList section */
	};
	rootObject = 7ACB59F32278AA9100C78D46 /* Project object */;
}
